
Microsoft Visual Studio Solution File, Format Version 12.00
# Visual Studio Version 17
VisualStudioVersion = 17.10.34928.147
MinimumVisualStudioVersion = 10.0.40219.1
Project("{FAE04EC0-301F-11D3-BF4B-00C04F79EFBC}") = "BlazorNoteApp", "BlazorNoteApp\BlazorNoteApp.csproj", "{CCA7D467-659A-4FFF-81DF-2601C3D29C25}"
EndProject
Global
	GlobalSection(SolutionConfigurationPlatforms) = preSolution
		Debug|Any CPU = Debug|Any CPU
		Release|Any CPU = Release|Any CPU
	EndGlobalSection
	GlobalSection(ProjectConfigurationPlatforms) = postSolution
		{CCA7D467-659A-4FFF-81DF-2601C3D29C25}.Debug|Any CPU.ActiveCfg = Debug|Any CPU
		{CCA7D467-659A-4FFF-81DF-2601C3D29C25}.Debug|Any CPU.Build.0 = Debug|Any CPU
		{CCA7D467-659A-4FFF-81DF-2601C3D29C25}.Release|Any CPU.ActiveCfg = Release|Any CPU
		{CCA7D467-659A-4FFF-81DF-2601C3D29C25}.Release|Any CPU.Build.0 = Release|Any CPU
	EndGlobalSection
	GlobalSection(SolutionProperties) = preSolution
		HideSolutionNode = FALSE
	EndGlobalSection
	GlobalSection(ExtensibilityGlobals) = postSolution
		SolutionGuid = {CC0C125B-8B67-445B-9DB1-142809ABADAD}
	EndGlobalSection
EndGlobal
